PODS:
  - Alamofire (5.0.0-rc.3)
  - BonMot (5.4.1)
  - Differentiator (4.0.1)
  - Hero (1.4.0)
  - Kingfisher (5.12.0):
    - Kingfisher/Core (= 5.12.0)
  - Kingfisher/Core (5.12.0)
  - lottie-ios (3.1.5)
  - RxCocoa (5.0.1):
    - RxRelay (~> 5)
    - RxSwift (~> 5)
  - RxDataSources (4.0.1):
    - Differentiator (~> 4.0)
    - RxCocoa (~> 5.0)
    - RxSwift (~> 5.0)
  - RxRelay (5.0.1):
    - RxSwift (~> 5)
  - RxSwift (5.0.1)
  - SnapKit (5.0.1)
  - SwiftyBeaver (1.7.1)

DEPENDENCIES:
  - Alamofire (~> 5.0.0-beta.5)
  - BonMot (~> 5.4)
  - Hero (~> 1.4.0)
  - Kingfisher (~> 5.0)
  - lottie-ios (~> 3.1.0)
  - RxCocoa (~> 5)
  - RxDataSources (~> 4.0)
  - RxSwift (~> 5)
  - SnapKit (~> 5.0.0)
  - SwiftyBeaver (~> 1.7.0)

SPEC REPOS:
  https://github.com/cocoapods/specs.git:
    - Alamofire
    - BonMot
    - Differentiator
    - Hero
    - Kingfisher
    - lottie-ios
    - RxCocoa
    - RxDataSources
    - RxRelay
    - RxSwift
    - SnapKit
    - SwiftyBeaver

SPEC CHECKSUMS:
  Alamofire: ca8c0de6906873be89d6deec5c8de279e00bf872
  BonMot: aa82119ff2ffa184223d8a31c72aed84fbb009e0
  Differentiator: 886080237d9f87f322641dedbc5be257061b0602
  Hero: bac92350d7201a1a940003e0767c7b52ce7c99a1
  Kingfisher: dc6e0f53bb5b12c3e75bedb0e01bbd7a640eea69
  lottie-ios: 32bf84389337d86fbc8b12266e88452e0abf1dee
  RxCocoa: e741b9749968e8a143e2b787f1dfbff2b63d0a5c
  RxDataSources: efee07fa4de48477eca0a4611e6d11e2da9c1114
  RxRelay: 89d54507f4fd4d969e6ec1d4bd7f3673640b4640
  RxSwift: e2dc62b366a3adf6a0be44ba9f405efd4c94e0c4
  SnapKit: 97b92857e3df3a0c71833cce143274bf6ef8e5eb
  SwiftyBeaver: da5e573ad583586c18236324c36900990afe1733

PODFILE CHECKSUM: 49d4c2060b0507b6328640de0e05e6bd39f3f73d

COCOAPODS: 1.7.2
