PODS:
  - Alamofire (5.0.0-rc.3)
  - BonMot (5.4.1)
  - Differentiator (4.0.1)
  - DropDown (2.3.13)
  - Hero (1.4.0)
  - Kingfisher (5.12.0):
    - Kingfisher/Core (= 5.12.0)
  - Kingfisher/Core (5.12.0)
  - lottie-ios (3.1.5)
  - MarqueeLabel (4.0.0)
  - NotificationBannerSwift (3.0.2):
    - MarqueeLabel (~> 4.0.0)
    - SnapKit (~> 5.0.0)
  - RxCocoa (5.0.1):
    - RxRelay (~> 5)
    - RxSwift (~> 5)
  - RxDataSources (4.0.1):
    - Differentiator (~> 4.0)
    - RxCocoa (~> 5.0)
    - RxSwift (~> 5.0)
  - RxRelay (5.0.1):
    - RxSwift (~> 5)
  - RxSwift (5.0.1)
  - RxSwiftExt (5.2.0):
    - RxSwiftExt/Core (= 5.2.0)
    - RxSwiftExt/RxCocoa (= 5.2.0)
  - RxSwiftExt/Core (5.2.0):
    - RxSwift (~> 5.0)
  - RxSwiftExt/RxCocoa (5.2.0):
    - RxCocoa (~> 5.0)
    - RxSwiftExt/Core
  - SnapKit (5.0.1)
  - SwiftyBeaver (1.7.1)
  - TextFieldEffects (1.6.0)
  - WSTagsField (5.2.0)

DEPENDENCIES:
  - Alamofire (~> 5.0.0-beta.5)
  - BonMot (~> 5.4)
  - DropDown (~> 2.3.13)
  - Hero (~> 1.4.0)
  - Kingfisher (~> 5.0)
  - lottie-ios (~> 3.1.0)
  - NotificationBannerSwift (~> 3.0.0)
  - RxCocoa (~> 5)
  - RxDataSources (~> 4.0)
  - RxSwift (~> 5)
  - RxSwiftExt (~> 5)
  - SnapKit (~> 5.0.0)
  - SwiftyBeaver (~> 1.7.0)
  - TextFieldEffects (~> 1.6.0)
  - WSTagsField (~> 5.2)

SPEC REPOS:
  https://github.com/cocoapods/specs.git:
    - Alamofire
    - BonMot
    - Differentiator
    - DropDown
    - Hero
    - Kingfisher
    - lottie-ios
    - MarqueeLabel
    - NotificationBannerSwift
    - RxCocoa
    - RxDataSources
    - RxRelay
    - RxSwift
    - RxSwiftExt
    - SnapKit
    - SwiftyBeaver
    - TextFieldEffects
    - WSTagsField

SPEC CHECKSUMS:
  Alamofire: ca8c0de6906873be89d6deec5c8de279e00bf872
  BonMot: aa82119ff2ffa184223d8a31c72aed84fbb009e0
  Differentiator: 886080237d9f87f322641dedbc5be257061b0602
  DropDown: 8a2116376c1981888557f72ec2ffc9a5e0e456ec
  Hero: bac92350d7201a1a940003e0767c7b52ce7c99a1
  Kingfisher: dc6e0f53bb5b12c3e75bedb0e01bbd7a640eea69
  lottie-ios: 32bf84389337d86fbc8b12266e88452e0abf1dee
  MarqueeLabel: b55b26e690b6ad41faedd95cbf5eae6f1d1735b4
  NotificationBannerSwift: 713e20f21b6105f4a36a00e5d9fa414a930d3d8e
  RxCocoa: e741b9749968e8a143e2b787f1dfbff2b63d0a5c
  RxDataSources: efee07fa4de48477eca0a4611e6d11e2da9c1114
  RxRelay: 89d54507f4fd4d969e6ec1d4bd7f3673640b4640
  RxSwift: e2dc62b366a3adf6a0be44ba9f405efd4c94e0c4
  RxSwiftExt: 4ca80336f43c28f11a2825cdd2fc61dd6c044697
  SnapKit: 97b92857e3df3a0c71833cce143274bf6ef8e5eb
  SwiftyBeaver: da5e573ad583586c18236324c36900990afe1733
  TextFieldEffects: 529b8aff706fb40f82c41c780c0777941a893796
  WSTagsField: d57a287fd552934db1d93a85d38abbf74b067d6a

PODFILE CHECKSUM: 749d9985b384f263fb2e4a6a31896300aa15d11e

COCOAPODS: 1.7.2
