PODS:
  - Alamofire (4.9.1)
  - BonMot (5.5.1)
  - Differentiator (4.0.1)
  - DropDown (2.3.13)
  - DynamicCodable (1.0)
  - Firebase/Analytics (6.22.0):
    - Firebase/Core
  - Firebase/Core (6.22.0):
    - Firebase/CoreOnly
    - FirebaseAnalytics (= 6.4.1)
  - Firebase/CoreOnly (6.22.0):
    - FirebaseCore (= 6.6.6)
  - FirebaseAnalytics (6.4.1):
    - FirebaseCore (~> 6.6)
    - FirebaseInstallations (~> 1.1)
    - GoogleAppMeasurement (= 6.4.1)
    - GoogleUtilities/AppDelegateSwizzler (~> 6.0)
    - GoogleUtilities/MethodSwizzler (~> 6.0)
    - GoogleUtilities/Network (~> 6.0)
    - "GoogleUtilities/NSData+zlib (~> 6.0)"
    - nanopb (= 0.3.9011)
  - FirebaseCore (6.6.6):
    - FirebaseCoreDiagnostics (~> 1.2)
    - FirebaseCoreDiagnosticsInterop (~> 1.2)
    - GoogleUtilities/Environment (~> 6.5)
    - GoogleUtilities/Logger (~> 6.5)
  - FirebaseCoreDiagnostics (1.2.3):
    - FirebaseCoreDiagnosticsInterop (~> 1.2)
    - GoogleDataTransportCCTSupport (~> 2.0)
    - GoogleUtilities/Environment (~> 6.5)
    - GoogleUtilities/Logger (~> 6.5)
    - nanopb (~> 0.3.901)
  - FirebaseCoreDiagnosticsInterop (1.2.0)
  - FirebaseInstallations (1.1.1):
    - FirebaseCore (~> 6.6)
    - GoogleUtilities/UserDefaults (~> 6.5)
    - PromisesObjC (~> 1.2)
  - GoogleAppMeasurement (6.4.1):
    - GoogleUtilities/AppDelegateSwizzler (~> 6.0)
    - GoogleUtilities/MethodSwizzler (~> 6.0)
    - GoogleUtilities/Network (~> 6.0)
    - "GoogleUtilities/NSData+zlib (~> 6.0)"
    - nanopb (= 0.3.9011)
  - GoogleDataTransport (5.1.1)
  - GoogleDataTransportCCTSupport (2.0.2):
    - GoogleDataTransport (~> 5.1)
    - nanopb (~> 0.3.901)
  - GoogleUtilities/AppDelegateSwizzler (6.5.2):
    - GoogleUtilities/Environment
    - GoogleUtilities/Logger
    - GoogleUtilities/Network
  - GoogleUtilities/Environment (6.5.2)
  - GoogleUtilities/Logger (6.5.2):
    - GoogleUtilities/Environment
  - GoogleUtilities/MethodSwizzler (6.5.2):
    - GoogleUtilities/Logger
  - GoogleUtilities/Network (6.5.2):
    - GoogleUtilities/Logger
    - "GoogleUtilities/NSData+zlib"
    - GoogleUtilities/Reachability
  - "GoogleUtilities/NSData+zlib (6.5.2)"
  - GoogleUtilities/Reachability (6.5.2):
    - GoogleUtilities/Logger
  - GoogleUtilities/UserDefaults (6.5.2):
    - GoogleUtilities/Logger
  - Hero (1.4.0)
  - KakaoSDKNavi (2.0.0-beta.3):
    - RxKakaoSDKCommon (= 2.0.0-beta.3)
  - KakaoSDKTemplate (2.0.0-beta.3):
    - RxKakaoSDKCommon (= 2.0.0-beta.3)
  - Kingfisher (5.13.4):
    - Kingfisher/Core (= 5.13.4)
  - Kingfisher/Core (5.13.4)
  - lottie-ios (3.1.6)
  - M13Checkbox (3.4.0)
  - MarqueeLabel (4.0.2)
  - nanopb (0.3.9011):
    - nanopb/decode (= 0.3.9011)
    - nanopb/encode (= 0.3.9011)
  - nanopb/decode (0.3.9011)
  - nanopb/encode (0.3.9011)
  - NotificationBannerSwift (3.0.2):
    - MarqueeLabel (~> 4.0.0)
    - SnapKit (~> 5.0.0)
  - PromisesObjC (1.2.8)
  - RxAlamofire (5.1.0):
    - RxAlamofire/Core (= 5.1.0)
  - RxAlamofire/Core (5.1.0):
    - Alamofire (~> 4.8)
    - RxSwift (~> 5.0)
  - RxCocoa (5.1.1):
    - RxRelay (~> 5)
    - RxSwift (~> 5)
  - RxDataSources (4.0.1):
    - Differentiator (~> 4.0)
    - RxCocoa (~> 5.0)
    - RxSwift (~> 5.0)
  - RxKakaoSDK (2.0.0-beta.3):
    - KakaoSDKNavi (= 2.0.0-beta.3)
    - KakaoSDKTemplate (= 2.0.0-beta.3)
    - RxKakaoSDKAuth (= 2.0.0-beta.3)
    - RxKakaoSDKCommon (= 2.0.0-beta.3)
    - RxKakaoSDKLink (= 2.0.0-beta.3)
    - RxKakaoSDKStory (= 2.0.0-beta.3)
    - RxKakaoSDKTalk (= 2.0.0-beta.3)
    - RxKakaoSDKUser (= 2.0.0-beta.3)
  - RxKakaoSDKAuth (2.0.0-beta.3):
    - RxKakaoSDKCommon (= 2.0.0-beta.3)
  - RxKakaoSDKCommon (2.0.0-beta.3):
    - DynamicCodable
    - RxAlamofire
    - RxCocoa
    - RxSwift
  - RxKakaoSDKLink (2.0.0-beta.3):
    - KakaoSDKTemplate (= 2.0.0-beta.3)
    - RxKakaoSDKCommon (= 2.0.0-beta.3)
  - RxKakaoSDKStory (2.0.0-beta.3):
    - RxKakaoSDKAuth (= 2.0.0-beta.3)
    - RxKakaoSDKCommon (= 2.0.0-beta.3)
  - RxKakaoSDKTalk (2.0.0-beta.3):
    - KakaoSDKTemplate (= 2.0.0-beta.3)
    - RxKakaoSDKAuth (= 2.0.0-beta.3)
    - RxKakaoSDKCommon (= 2.0.0-beta.3)
  - RxKakaoSDKUser (2.0.0-beta.3):
    - RxKakaoSDKAuth (= 2.0.0-beta.3)
    - RxKakaoSDKCommon (= 2.0.0-beta.3)
  - RxRelay (5.1.1):
    - RxSwift (~> 5)
  - RxSwift (5.1.1)
  - RxSwiftExt (5.2.0):
    - RxSwiftExt/Core (= 5.2.0)
    - RxSwiftExt/RxCocoa (= 5.2.0)
  - RxSwiftExt/Core (5.2.0):
    - RxSwift (~> 5.0)
  - RxSwiftExt/RxCocoa (5.2.0):
    - RxCocoa (~> 5.0)
    - RxSwiftExt/Core
  - RxViewController (1.0.0):
    - RxCocoa (~> 5.0)
    - RxSwift (~> 5.0)
  - SnapKit (5.0.1)
  - SwiftyBeaver (1.7.1)
  - TextFieldEffects (1.6.0)
  - WSTagsField (5.2.0)

DEPENDENCIES:
  - BonMot (~> 5.4)
  - DropDown (~> 2.3.13)
  - Firebase/Analytics
  - Hero (~> 1.4.0)
  - Kingfisher (~> 5.0)
  - lottie-ios (~> 3.1.0)
  - M13Checkbox (~> 3.4.0)
  - NotificationBannerSwift (~> 3.0.0)
  - RxCocoa (~> 5)
  - RxDataSources (~> 4.0)
  - RxKakaoSDK (~> 2.0.0-beta.3)
  - RxSwiftExt (~> 5)
  - RxViewController
  - SnapKit (~> 5.0.0)
  - SwiftyBeaver (~> 1.7.0)
  - TextFieldEffects (~> 1.6.0)
  - WSTagsField (~> 5.2)

SPEC REPOS:
  trunk:
    - Alamofire
    - BonMot
    - Differentiator
    - DropDown
    - DynamicCodable
    - Firebase
    - FirebaseAnalytics
    - FirebaseCore
    - FirebaseCoreDiagnostics
    - FirebaseCoreDiagnosticsInterop
    - FirebaseInstallations
    - GoogleAppMeasurement
    - GoogleDataTransport
    - GoogleDataTransportCCTSupport
    - GoogleUtilities
    - Hero
    - KakaoSDKNavi
    - KakaoSDKTemplate
    - Kingfisher
    - lottie-ios
    - M13Checkbox
    - MarqueeLabel
    - nanopb
    - NotificationBannerSwift
    - PromisesObjC
    - RxAlamofire
    - RxCocoa
    - RxDataSources
    - RxKakaoSDK
    - RxKakaoSDKAuth
    - RxKakaoSDKCommon
    - RxKakaoSDKLink
    - RxKakaoSDKStory
    - RxKakaoSDKTalk
    - RxKakaoSDKUser
    - RxRelay
    - RxSwift
    - RxSwiftExt
    - RxViewController
    - SnapKit
    - SwiftyBeaver
    - TextFieldEffects
    - WSTagsField

SPEC CHECKSUMS:
  Alamofire: 85e8a02c69d6020a0d734f6054870d7ecb75cf18
  BonMot: 0d179476725af81f622a6d9f660f43048070016a
  Differentiator: 886080237d9f87f322641dedbc5be257061b0602
  DropDown: 8a2116376c1981888557f72ec2ffc9a5e0e456ec
  DynamicCodable: 2cf558d057b3e6540552943254e1c9eeb706dde2
  Firebase: 32f9520684e87c7af3f0704f7f88042626d6b536
  FirebaseAnalytics: 83f822fd0d33a46f49f89b8c3ab16ab4d89df08a
  FirebaseCore: 9aca0f1fffb405176ba15311a5621fcde4106fcf
  FirebaseCoreDiagnostics: 13a6564cd6d5375066bbc8940cc1753af24497f3
  FirebaseCoreDiagnosticsInterop: 296e2c5f5314500a850ad0b83e9e7c10b011a850
  FirebaseInstallations: acb3216eb9784d3b1d2d2d635ff74fa892cc0c44
  GoogleAppMeasurement: e49be3954045b17d046f271b9cc1ec052bad9702
  GoogleDataTransport: 6ffa4dd0b6d547f8d27b91bd92fa9e197a3f5f1f
  GoogleDataTransportCCTSupport: 12f02e5c8f09c055615de90bcd5ba2c375546051
  GoogleUtilities: ad0f3b691c67909d03a3327cc205222ab8f42e0e
  Hero: bac92350d7201a1a940003e0767c7b52ce7c99a1
  KakaoSDKNavi: 1417df32518c188d0285eae8353a037e208a0afc
  KakaoSDKTemplate: 2d55e8ab3cf67e52cea50927f750dcb763603fad
  Kingfisher: d2279a7abece3c7f25a80cd2b7f363ca5cf3f44c
  lottie-ios: 85ce835dd8c53e02509f20729fc7d6a4e6645a0a
  M13Checkbox: 6f59404540ac98ba83a3d1afac335895a40c6a5d
  MarqueeLabel: f762aa681ae201f66c1d511858b171f75d83013a
  nanopb: 18003b5e52dab79db540fe93fe9579f399bd1ccd
  NotificationBannerSwift: 713e20f21b6105f4a36a00e5d9fa414a930d3d8e
  PromisesObjC: c119f3cd559f50b7ae681fa59dc1acd19173b7e6
  RxAlamofire: a2d7621de4c23a0c6e7b476b504acc32838ee341
  RxCocoa: 32065309a38d29b5b0db858819b5bf9ef038b601
  RxDataSources: efee07fa4de48477eca0a4611e6d11e2da9c1114
  RxKakaoSDK: a59217b1f9aa5b5e50b966e24b57d23378ac55e3
  RxKakaoSDKAuth: 5c76e06c80101aa9501191a650dcd1ce90745dd4
  RxKakaoSDKCommon: 24060f1004f789571518d51d976fd15285e704e4
  RxKakaoSDKLink: 8fe640794800e8400ce733f3fd5b21371b75be26
  RxKakaoSDKStory: 178c2a6109f0e7029303831d1c7f6cdae5b45c78
  RxKakaoSDKTalk: ef2751902350b0a0a10e6fc1f79b589e657af928
  RxKakaoSDKUser: c88365c8d1af4144d8f7cfc43d028ac0c7057bc8
  RxRelay: d77f7d771495f43c556cbc43eebd1bb54d01e8e9
  RxSwift: 81470a2074fa8780320ea5fe4102807cb7118178
  RxSwiftExt: 4ca80336f43c28f11a2825cdd2fc61dd6c044697
  RxViewController: 7330a46e5c31cd680db169da4c9fc8676e975a81
  SnapKit: 97b92857e3df3a0c71833cce143274bf6ef8e5eb
  SwiftyBeaver: da5e573ad583586c18236324c36900990afe1733
  TextFieldEffects: 529b8aff706fb40f82c41c780c0777941a893796
  WSTagsField: d57a287fd552934db1d93a85d38abbf74b067d6a

PODFILE CHECKSUM: 188604887e674f0907c67a2be63343c5e649d7ff

COCOAPODS: 1.8.4
